// !$*UTF8*$!
{
	archiveVersion = 1;
	classes = {
	};
	objectVersion = 55;
	objects = {

/* Begin PBXBuildFile section */
		17889A632714170600468F3F /* AppDelegate.swift in Sources */ = {isa = PBXBuildFile; fileRef = 17889A622714170600468F3F /* AppDelegate.swift */; };
		17889A652714170600468F3F /* SceneDelegate.swift in Sources */ = {isa = PBXBuildFile; fileRef = 17889A642714170600468F3F /* SceneDelegate.swift */; };
		17889A6C2714170700468F3F /* Assets.xcassets in Resources */ = {isa = PBXBuildFile; fileRef = 17889A6B2714170700468F3F /* Assets.xcassets */; };
		17889A6F2714170700468F3F /* LaunchScreen.storyboard in Resources */ = {isa = PBXBuildFile; fileRef = 17889A6D2714170700468F3F /* LaunchScreen.storyboard */; };
		17889A78271417DF00468F3F /* ContentView.swift in Sources */ = {isa = PBXBuildFile; fileRef = 17889A77271417DF00468F3F /* ContentView.swift */; };
		17889A7A2714191D00468F3F /* Youtube.plist in Resources */ = {isa = PBXBuildFile; fileRef = 17889A792714191D00468F3F /* Youtube.plist */; };
		17889A7C2714194700468F3F /* TestMedia.xcassets in Resources */ = {isa = PBXBuildFile; fileRef = 17889A7B2714194700468F3F /* TestMedia.xcassets */; };
		17889A86271419E100468F3F /* ImageLoader.swift in Sources */ = {isa = PBXBuildFile; fileRef = 17889A82271419E000468F3F /* ImageLoader.swift */; };
		17889A87271419E100468F3F /* TextStyleGuide.swift in Sources */ = {isa = PBXBuildFile; fileRef = 17889A83271419E000468F3F /* TextStyleGuide.swift */; };
		17889A88271419E100468F3F /* ButtonStyleGuide.swift in Sources */ = {isa = PBXBuildFile; fileRef = 17889A84271419E000468F3F /* ButtonStyleGuide.swift */; };
		17889A89271419E100468F3F /* ImageCache.swift in Sources */ = {isa = PBXBuildFile; fileRef = 17889A85271419E100468F3F /* ImageCache.swift */; };
		17889A90271419F600468F3F /* PlaylistItemsPage.swift in Sources */ = {isa = PBXBuildFile; fileRef = 17889A8B271419F500468F3F /* PlaylistItemsPage.swift */; };
		17889A91271419F600468F3F /* Movie.swift in Sources */ = {isa = PBXBuildFile; fileRef = 17889A8C271419F500468F3F /* Movie.swift */; };
		17889A92271419F600468F3F /* PlaylistPage.swift in Sources */ = {isa = PBXBuildFile; fileRef = 17889A8D271419F500468F3F /* PlaylistPage.swift */; };
		17889A93271419F600468F3F /* MovieCategory.swift in Sources */ = {isa = PBXBuildFile; fileRef = 17889A8E271419F500468F3F /* MovieCategory.swift */; };
		17889A94271419F600468F3F /* Snippet.swift in Sources */ = {isa = PBXBuildFile; fileRef = 17889A8F271419F600468F3F /* Snippet.swift */; };
		17889A9927141A7100468F3F /* APIError.swift in Sources */ = {isa = PBXBuildFile; fileRef = 17889A9527141A7000468F3F /* APIError.swift */; };
		17889A9A27141A7100468F3F /* Constants.swift in Sources */ = {isa = PBXBuildFile; fileRef = 17889A9627141A7100468F3F /* Constants.swift */; };
		17889A9B27141A7100468F3F /* DataProvider.swift in Sources */ = {isa = PBXBuildFile; fileRef = 17889A9727141A7100468F3F /* DataProvider.swift */; };
		17889A9C27141A7100468F3F /* MovieFetcher.swift in Sources */ = {isa = PBXBuildFile; fileRef = 17889A9827141A7100468F3F /* MovieFetcher.swift */; };
		17889A9E27141A7700468F3F /* SettingsView.swift in Sources */ = {isa = PBXBuildFile; fileRef = 17889A9D27141A7700468F3F /* SettingsView.swift */; };
		17889AA327141A9800468F3F /* MovieCell.swift in Sources */ = {isa = PBXBuildFile; fileRef = 17889AA127141A9700468F3F /* MovieCell.swift */; };
		17889AA427141A9800468F3F /* CardImageUIView.swift in Sources */ = {isa = PBXBuildFile; fileRef = 17889AA227141A9700468F3F /* CardImageUIView.swift */; };
		17889AA927141A9E00468F3F /* BaseTableViewController.swift in Sources */ = {isa = PBXBuildFile; fileRef = 17889AA527141A9E00468F3F /* BaseTableViewController.swift */; };
		17889AAA27141A9E00468F3F /* MainMovieTableViewController.swift in Sources */ = {isa = PBXBuildFile; fileRef = 17889AA627141A9E00468F3F /* MainMovieTableViewController.swift */; };
		17889AAB27141A9E00468F3F /* UITableView+helper.swift in Sources */ = {isa = PBXBuildFile; fileRef = 17889AA727141A9E00468F3F /* UITableView+helper.swift */; };
		17889AAC27141A9E00468F3F /* ResultsTableController.swift in Sources */ = {isa = PBXBuildFile; fileRef = 17889AA827141A9E00468F3F /* ResultsTableController.swift */; };
		17889AB027141AA600468F3F /* FavoritesView.swift in Sources */ = {isa = PBXBuildFile; fileRef = 17889AAD27141AA600468F3F /* FavoritesView.swift */; };
		17889AB127141AA600468F3F /* WrapperFavoritesViewController.swift in Sources */ = {isa = PBXBuildFile; fileRef = 17889AAE27141AA600468F3F /* WrapperFavoritesViewController.swift */; };
		17889AB227141AA600468F3F /* FavoritesManager.swift in Sources */ = {isa = PBXBuildFile; fileRef = 17889AAF27141AA600468F3F /* FavoritesManager.swift */; };
		17889AB827141AC200468F3F /* MovieCard.swift in Sources */ = {isa = PBXBuildFile; fileRef = 17889AB427141AC100468F3F /* MovieCard.swift */; };
		17889AB927141AC200468F3F /* MovieLoadRow.swift in Sources */ = {isa = PBXBuildFile; fileRef = 17889AB527141AC100468F3F /* MovieLoadRow.swift */; };
		17889ABA27141AC200468F3F /* MovieLoadCard.swift in Sources */ = {isa = PBXBuildFile; fileRef = 17889AB627141AC100468F3F /* MovieLoadCard.swift */; };
		17889ABB27141AC200468F3F /* MovieRow.swift in Sources */ = {isa = PBXBuildFile; fileRef = 17889AB727141AC200468F3F /* MovieRow.swift */; };
		17889AC027141AC900468F3F /* ListMovieView.swift in Sources */ = {isa = PBXBuildFile; fileRef = 17889ABC27141AC900468F3F /* ListMovieView.swift */; };
		17889AC127141AC900468F3F /* MoviesView.swift in Sources */ = {isa = PBXBuildFile; fileRef = 17889ABD27141AC900468F3F /* MoviesView.swift */; };
		17889AC227141AC900468F3F /* MovieDetailView.swift in Sources */ = {isa = PBXBuildFile; fileRef = 17889ABE27141AC900468F3F /* MovieDetailView.swift */; };
		17889AC327141AC900468F3F /* GridMovieView.swift in Sources */ = {isa = PBXBuildFile; fileRef = 17889ABF27141AC900468F3F /* GridMovieView.swift */; };
		17889AC627141AD400468F3F /* LoadingView.swift in Sources */ = {isa = PBXBuildFile; fileRef = 17889AC427141AD400468F3F /* LoadingView.swift */; };
		17889AC727141AD400468F3F /* ErrorView.swift in Sources */ = {isa = PBXBuildFile; fileRef = 17889AC527141AD400468F3F /* ErrorView.swift */; };
/* End PBXBuildFile section */

/* Begin PBXFileReference section */
		17889A5F2714170600468F3F /* MoviePlayer.app */ = {isa = PBXFileReference; explicitFileType = wrapper.application; includeInIndex = 0; path = MoviePlayer.app; sourceTree = BUILT_PRODUCTS_DIR; };
		17889A622714170600468F3F /* AppDelegate.swift */ = {isa = PBXFileReference; lastKnownFileType = sourcecode.swift; path = AppDelegate.swift; sourceTree = "<group>"; };
		17889A642714170600468F3F /* SceneDelegate.swift */ = {isa = PBXFileReference; lastKnownFileType = sourcecode.swift; path = SceneDelegate.swift; sourceTree = "<group>"; };
		17889A6B2714170700468F3F /* Assets.xcassets */ = {isa = PBXFileReference; lastKnownFileType = folder.assetcatalog; path = Assets.xcassets; sourceTree = "<group>"; };
		17889A6E2714170700468F3F /* Base */ = {isa = PBXFileReference; lastKnownFileType = file.storyboard; name = Base; path = Base.lproj/LaunchScreen.storyboard; sourceTree = "<group>"; };
		17889A702714170700468F3F /* Info.plist */ = {isa = PBXFileReference; lastKnownFileType = text.plist.xml; path = Info.plist; sourceTree = "<group>"; };
		17889A77271417DF00468F3F /* ContentView.swift */ = {isa = PBXFileReference; lastKnownFileType = sourcecode.swift; path = ContentView.swift; sourceTree = "<group>"; };
		17889A792714191D00468F3F /* Youtube.plist */ = {isa = PBXFileReference; fileEncoding = 4; lastKnownFileType = text.plist.xml; path = Youtube.plist; sourceTree = "<group>"; };
		17889A7B2714194700468F3F /* TestMedia.xcassets */ = {isa = PBXFileReference; lastKnownFileType = folder.assetcatalog; path = TestMedia.xcassets; sourceTree = "<group>"; };
		17889A82271419E000468F3F /* ImageLoader.swift */ = {isa = PBXFileReference; fileEncoding = 4; lastKnownFileType = sourcecode.swift; path = ImageLoader.swift; sourceTree = "<group>"; };
		17889A83271419E000468F3F /* TextStyleGuide.swift */ = {isa = PBXFileReference; fileEncoding = 4; lastKnownFileType = sourcecode.swift; path = TextStyleGuide.swift; sourceTree = "<group>"; };
		17889A84271419E000468F3F /* ButtonStyleGuide.swift */ = {isa = PBXFileReference; fileEncoding = 4; lastKnownFileType = sourcecode.swift; path = ButtonStyleGuide.swift; sourceTree = "<group>"; };
		17889A85271419E100468F3F /* ImageCache.swift */ = {isa = PBXFileReference; fileEncoding = 4; lastKnownFileType = sourcecode.swift; path = ImageCache.swift; sourceTree = "<group>"; };
		17889A8B271419F500468F3F /* PlaylistItemsPage.swift */ = {isa = PBXFileReference; fileEncoding = 4; lastKnownFileType = sourcecode.swift; path = PlaylistItemsPage.swift; sourceTree = "<group>"; };
		17889A8C271419F500468F3F /* Movie.swift */ = {isa = PBXFileReference; fileEncoding = 4; lastKnownFileType = sourcecode.swift; path = Movie.swift; sourceTree = "<group>"; };
		17889A8D271419F500468F3F /* PlaylistPage.swift */ = {isa = PBXFileReference; fileEncoding = 4; lastKnownFileType = sourcecode.swift; path = PlaylistPage.swift; sourceTree = "<group>"; };
		17889A8E271419F500468F3F /* MovieCategory.swift */ = {isa = PBXFileReference; fileEncoding = 4; lastKnownFileType = sourcecode.swift; path = MovieCategory.swift; sourceTree = "<group>"; };
		17889A8F271419F600468F3F /* Snippet.swift */ = {isa = PBXFileReference; fileEncoding = 4; lastKnownFileType = sourcecode.swift; path = Snippet.swift; sourceTree = "<group>"; };
		17889A9527141A7000468F3F /* APIError.swift */ = {isa = PBXFileReference; fileEncoding = 4; lastKnownFileType = sourcecode.swift; path = APIError.swift; sourceTree = "<group>"; };
		17889A9627141A7100468F3F /* Constants.swift */ = {isa = PBXFileReference; fileEncoding = 4; lastKnownFileType = sourcecode.swift; path = Constants.swift; sourceTree = "<group>"; };
		17889A9727141A7100468F3F /* DataProvider.swift */ = {isa = PBXFileReference; fileEncoding = 4; lastKnownFileType = sourcecode.swift; path = DataProvider.swift; sourceTree = "<group>"; };
		17889A9827141A7100468F3F /* MovieFetcher.swift */ = {isa = PBXFileReference; fileEncoding = 4; lastKnownFileType = sourcecode.swift; path = MovieFetcher.swift; sourceTree = "<group>"; };
		17889A9D27141A7700468F3F /* SettingsView.swift */ = {isa = PBXFileReference; fileEncoding = 4; lastKnownFileType = sourcecode.swift; path = SettingsView.swift; sourceTree = "<group>"; };
		17889AA127141A9700468F3F /* MovieCell.swift */ = {isa = PBXFileReference; fileEncoding = 4; lastKnownFileType = sourcecode.swift; path = MovieCell.swift; sourceTree = "<group>"; };
		17889AA227141A9700468F3F /* CardImageUIView.swift */ = {isa = PBXFileReference; fileEncoding = 4; lastKnownFileType = sourcecode.swift; path = CardImageUIView.swift; sourceTree = "<group>"; };
		17889AA527141A9E00468F3F /* BaseTableViewController.swift */ = {isa = PBXFileReference; fileEncoding = 4; lastKnownFileType = sourcecode.swift; path = BaseTableViewController.swift; sourceTree = "<group>"; };
		17889AA627141A9E00468F3F /* MainMovieTableViewController.swift */ = {isa = PBXFileReference; fileEncoding = 4; lastKnownFileType = sourcecode.swift; path = MainMovieTableViewController.swift; sourceTree = "<group>"; };
		17889AA727141A9E00468F3F /* UITableView+helper.swift */ = {isa = PBXFileReference; fileEncoding = 4; lastKnownFileType = sourcecode.swift; path = "UITableView+helper.swift"; sourceTree = "<group>"; };
		17889AA827141A9E00468F3F /* ResultsTableController.swift */ = {isa = PBXFileReference; fileEncoding = 4; lastKnownFileType = sourcecode.swift; path = ResultsTableController.swift; sourceTree = "<group>"; };
		17889AAD27141AA600468F3F /* FavoritesView.swift */ = {isa = PBXFileReference; fileEncoding = 4; lastKnownFileType = sourcecode.swift; path = FavoritesView.swift; sourceTree = "<group>"; };
		17889AAE27141AA600468F3F /* WrapperFavoritesViewController.swift */ = {isa = PBXFileReference; fileEncoding = 4; lastKnownFileType = sourcecode.swift; path = WrapperFavoritesViewController.swift; sourceTree = "<group>"; };
		17889AAF27141AA600468F3F /* FavoritesManager.swift */ = {isa = PBXFileReference; fileEncoding = 4; lastKnownFileType = sourcecode.swift; path = FavoritesManager.swift; sourceTree = "<group>"; };
		17889AB427141AC100468F3F /* MovieCard.swift */ = {isa = PBXFileReference; fileEncoding = 4; lastKnownFileType = sourcecode.swift; path = MovieCard.swift; sourceTree = "<group>"; };
		17889AB527141AC100468F3F /* MovieLoadRow.swift */ = {isa = PBXFileReference; fileEncoding = 4; lastKnownFileType = sourcecode.swift; path = MovieLoadRow.swift; sourceTree = "<group>"; };
		17889AB627141AC100468F3F /* MovieLoadCard.swift */ = {isa = PBXFileReference; fileEncoding = 4; lastKnownFileType = sourcecode.swift; path = MovieLoadCard.swift; sourceTree = "<group>"; };
		17889AB727141AC200468F3F /* MovieRow.swift */ = {isa = PBXFileReference; fileEncoding = 4; lastKnownFileType = sourcecode.swift; path = MovieRow.swift; sourceTree = "<group>"; };
		17889ABC27141AC900468F3F /* ListMovieView.swift */ = {isa = PBXFileReference; fileEncoding = 4; lastKnownFileType = sourcecode.swift; path = ListMovieView.swift; sourceTree = "<group>"; };
		17889ABD27141AC900468F3F /* MoviesView.swift */ = {isa = PBXFileReference; fileEncoding = 4; lastKnownFileType = sourcecode.swift; path = MoviesView.swift; sourceTree = "<group>"; };
		17889ABE27141AC900468F3F /* MovieDetailView.swift */ = {isa = PBXFileReference; fileEncoding = 4; lastKnownFileType = sourcecode.swift; path = MovieDetailView.swift; sourceTree = "<group>"; };
		17889ABF27141AC900468F3F /* GridMovieView.swift */ = {isa = PBXFileReference; fileEncoding = 4; lastKnownFileType = sourcecode.swift; path = GridMovieView.swift; sourceTree = "<group>"; };
		17889AC427141AD400468F3F /* LoadingView.swift */ = {isa = PBXFileReference; fileEncoding = 4; lastKnownFileType = sourcecode.swift; path = LoadingView.swift; sourceTree = "<group>"; };
		17889AC527141AD400468F3F /* ErrorView.swift */ = {isa = PBXFileReference; fileEncoding = 4; lastKnownFileType = sourcecode.swift; path = ErrorView.swift; sourceTree = "<group>"; };
/* End PBXFileReference section */

/* Begin PBXFrameworksBuildPhase section */
		17889A5C2714170600468F3F /* Frameworks */ = {
			isa = PBXFrameworksBuildPhase;
			buildActionMask = 2147483647;
			files = (
			);
			runOnlyForDeploymentPostprocessing = 0;
		};
/* End PBXFrameworksBuildPhase section */

/* Begin PBXGroup section */
		17889A562714170600468F3F = {
			isa = PBXGroup;
			children = (
				17889A612714170600468F3F /* MoviePlayer */,
				17889A602714170600468F3F /* Products */,
			);
			sourceTree = "<group>";
		};
		17889A602714170600468F3F /* Products */ = {
			isa = PBXGroup;
			children = (
				17889A5F2714170600468F3F /* MoviePlayer.app */,
			);
			name = Products;
			sourceTree = "<group>";
		};
		17889A612714170600468F3F /* MoviePlayer */ = {
			isa = PBXGroup;
			children = (
				17889A622714170600468F3F /* AppDelegate.swift */,
				17889A642714170600468F3F /* SceneDelegate.swift */,
				17889A76271417CF00468F3F /* main */,
				17889A81271419D200468F3F /* movies */,
				17889A80271419C800468F3F /* favorites */,
				17889A7F271419C100468F3F /* settings */,
				17889A7E271419BC00468F3F /* networking */,
				17889A7D271419AD00468F3F /* utility */,
				17889A7B2714194700468F3F /* TestMedia.xcassets */,
				17889A6B2714170700468F3F /* Assets.xcassets */,
				17889A6D2714170700468F3F /* LaunchScreen.storyboard */,
				17889A792714191D00468F3F /* Youtube.plist */,
				17889A702714170700468F3F /* Info.plist */,
			);
			path = MoviePlayer;
			sourceTree = "<group>";
		};
		17889A76271417CF00468F3F /* main */ = {
			isa = PBXGroup;
			children = (
				17889A77271417DF00468F3F /* ContentView.swift */,
				17889AC527141AD400468F3F /* ErrorView.swift */,
				17889AC427141AD400468F3F /* LoadingView.swift */,
			);
			path = main;
			sourceTree = "<group>";
		};
		17889A7D271419AD00468F3F /* utility */ = {
			isa = PBXGroup;
			children = (
				17889A84271419E000468F3F /* ButtonStyleGuide.swift */,
				17889A85271419E100468F3F /* ImageCache.swift */,
				17889A82271419E000468F3F /* ImageLoader.swift */,
				17889A83271419E000468F3F /* TextStyleGuide.swift */,
			);
			path = utility;
			sourceTree = "<group>";
		};
		17889A7E271419BC00468F3F /* networking */ = {
			isa = PBXGroup;
			children = (
				17889A9527141A7000468F3F /* APIError.swift */,
				17889A9627141A7100468F3F /* Constants.swift */,
				17889A9727141A7100468F3F /* DataProvider.swift */,
				17889A9827141A7100468F3F /* MovieFetcher.swift */,
				17889A8A271419EB00468F3F /* data */,
			);
			path = networking;
			sourceTree = "<group>";
		};
		17889A7F271419C100468F3F /* settings */ = {
			isa = PBXGroup;
			children = (
				17889A9D27141A7700468F3F /* SettingsView.swift */,
			);
			path = settings;
			sourceTree = "<group>";
		};
		17889A80271419C800468F3F /* favorites */ = {
			isa = PBXGroup;
			children = (
				17889AAF27141AA600468F3F /* FavoritesManager.swift */,
				17889AAD27141AA600468F3F /* FavoritesView.swift */,
				17889AAE27141AA600468F3F /* WrapperFavoritesViewController.swift */,
				17889AA027141A8C00468F3F /* cell */,
				17889A9F27141A8600468F3F /* table */,
			);
			path = favorites;
			sourceTree = "<group>";
		};
		17889A81271419D200468F3F /* movies */ = {
			isa = PBXGroup;
			children = (
				17889ABF27141AC900468F3F /* GridMovieView.swift */,
				17889ABC27141AC900468F3F /* ListMovieView.swift */,
				17889ABE27141AC900468F3F /* MovieDetailView.swift */,
				17889ABD27141AC900468F3F /* MoviesView.swift */,
				17889AB327141AB500468F3F /* cells */,
			);
			path = movies;
			sourceTree = "<group>";
		};
		17889A8A271419EB00468F3F /* data */ = {
			isa = PBXGroup;
			children = (
				17889A8C271419F500468F3F /* Movie.swift */,
				17889A8E271419F500468F3F /* MovieCategory.swift */,
				17889A8B271419F500468F3F /* PlaylistItemsPage.swift */,
				17889A8D271419F500468F3F /* PlaylistPage.swift */,
				17889A8F271419F600468F3F /* Snippet.swift */,
			);
			path = data;
			sourceTree = "<group>";
		};
		17889A9F27141A8600468F3F /* table */ = {
			isa = PBXGroup;
			children = (
				17889AA527141A9E00468F3F /* BaseTableViewController.swift */,
				17889AA627141A9E00468F3F /* MainMovieTableViewController.swift */,
				17889AA827141A9E00468F3F /* ResultsTableController.swift */,
				17889AA727141A9E00468F3F /* UITableView+helper.swift */,
			);
			path = table;
			sourceTree = "<group>";
		};
		17889AA027141A8C00468F3F /* cell */ = {
			isa = PBXGroup;
			children = (
				17889AA227141A9700468F3F /* CardImageUIView.swift */,
				17889AA127141A9700468F3F /* MovieCell.swift */,
			);
			path = cell;
			sourceTree = "<group>";
		};
		17889AB327141AB500468F3F /* cells */ = {
			isa = PBXGroup;
			children = (
				17889AB427141AC100468F3F /* MovieCard.swift */,
				17889AB627141AC100468F3F /* MovieLoadCard.swift */,
				17889AB527141AC100468F3F /* MovieLoadRow.swift */,
				17889AB727141AC200468F3F /* MovieRow.swift */,
			);
			path = cells;
			sourceTree = "<group>";
		};
/* End PBXGroup section */

/* Begin PBXNativeTarget section */
		17889A5E2714170600468F3F /* MoviePlayer */ = {
			isa = PBXNativeTarget;
			buildConfigurationList = 17889A732714170700468F3F /* Build configuration list for PBXNativeTarget "MoviePlayer" */;
			buildPhases = (
				17889A5B2714170600468F3F /* Sources */,
				17889A5C2714170600468F3F /* Frameworks */,
				17889A5D2714170600468F3F /* Resources */,
			);
			buildRules = (
			);
			dependencies = (
			);
			name = MoviePlayer;
			productName = MoviePlayer;
			productReference = 17889A5F2714170600468F3F /* MoviePlayer.app */;
			productType = "com.apple.product-type.application";
		};
/* End PBXNativeTarget section */

/* Begin PBXProject section */
		17889A572714170600468F3F /* Project object */ = {
			isa = PBXProject;
			attributes = {
				BuildIndependentTargetsInParallel = 1;
				LastSwiftUpdateCheck = 1300;
				LastUpgradeCheck = 1300;
				TargetAttributes = {
					17889A5E2714170600468F3F = {
						CreatedOnToolsVersion = 13.0;
					};
				};
			};
			buildConfigurationList = 17889A5A2714170600468F3F /* Build configuration list for PBXProject "MoviePlayer" */;
			compatibilityVersion = "Xcode 13.0";
			developmentRegion = en;
			hasScannedForEncodings = 0;
			knownRegions = (
				en,
				Base,
			);
			mainGroup = 17889A562714170600468F3F;
			productRefGroup = 17889A602714170600468F3F /* Products */;
			projectDirPath = "";
			projectRoot = "";
			targets = (
				17889A5E2714170600468F3F /* MoviePlayer */,
			);
		};
/* End PBXProject section */

/* Begin PBXResourcesBuildPhase section */
		17889A5D2714170600468F3F /* Resources */ = {
			isa = PBXResourcesBuildPhase;
			buildActionMask = 2147483647;
			files = (
				17889A7A2714191D00468F3F /* Youtube.plist in Resources */,
				17889A6F2714170700468F3F /* LaunchScreen.storyboard in Resources */,
				17889A7C2714194700468F3F /* TestMedia.xcassets in Resources */,
				17889A6C2714170700468F3F /* Assets.xcassets in Resources */,
			);
			runOnlyForDeploymentPostprocessing = 0;
		};
/* End PBXResourcesBuildPhase section */

/* Begin PBXSourcesBuildPhase section */
		17889A5B2714170600468F3F /* Sources */ = {
			isa = PBXSourcesBuildPhase;
			buildActionMask = 2147483647;
			files = (
				17889A88271419E100468F3F /* ButtonStyleGuide.swift in Sources */,
				17889ABB27141AC200468F3F /* MovieRow.swift in Sources */,
				17889A87271419E100468F3F /* TextStyleGuide.swift in Sources */,
				17889AA927141A9E00468F3F /* BaseTableViewController.swift in Sources */,
				17889AB127141AA600468F3F /* WrapperFavoritesViewController.swift in Sources */,
				17889AAB27141A9E00468F3F /* UITableView+helper.swift in Sources */,
				17889AA327141A9800468F3F /* MovieCell.swift in Sources */,
				17889AC727141AD400468F3F /* ErrorView.swift in Sources */,
				17889A91271419F600468F3F /* Movie.swift in Sources */,
				17889A94271419F600468F3F /* Snippet.swift in Sources */,
				17889AB827141AC200468F3F /* MovieCard.swift in Sources */,
				17889AB927141AC200468F3F /* MovieLoadRow.swift in Sources */,
				17889A93271419F600468F3F /* MovieCategory.swift in Sources */,
				17889A9E27141A7700468F3F /* SettingsView.swift in Sources */,
				17889A632714170600468F3F /* AppDelegate.swift in Sources */,
				17889ABA27141AC200468F3F /* MovieLoadCard.swift in Sources */,
				17889AB227141AA600468F3F /* FavoritesManager.swift in Sources */,
				17889A90271419F600468F3F /* PlaylistItemsPage.swift in Sources */,
				17889A652714170600468F3F /* SceneDelegate.swift in Sources */,
				17889A86271419E100468F3F /* ImageLoader.swift in Sources */,
				17889AAA27141A9E00468F3F /* MainMovieTableViewController.swift in Sources */,
				17889A89271419E100468F3F /* ImageCache.swift in Sources */,
				17889AC327141AC900468F3F /* GridMovieView.swift in Sources */,
				17889AC227141AC900468F3F /* MovieDetailView.swift in Sources */,
				17889A92271419F600468F3F /* PlaylistPage.swift in Sources */,
				17889A9A27141A7100468F3F /* Constants.swift in Sources */,
				17889A9B27141A7100468F3F /* DataProvider.swift in Sources */,
				17889A78271417DF00468F3F /* ContentView.swift in Sources */,
				17889AC127141AC900468F3F /* MoviesView.swift in Sources */,
				17889AA427141A9800468F3F /* CardImageUIView.swift in Sources */,
				17889AC027141AC900468F3F /* ListMovieView.swift in Sources */,
				17889AB027141AA600468F3F /* FavoritesView.swift in Sources */,
				17889A9C27141A7100468F3F /* MovieFetcher.swift in Sources */,
				17889A9927141A7100468F3F /* APIError.swift in Sources */,
				17889AC627141AD400468F3F /* LoadingView.swift in Sources */,
				17889AAC27141A9E00468F3F /* ResultsTableController.swift in Sources */,
			);
			runOnlyForDeploymentPostprocessing = 0;
		};
/* End PBXSourcesBuildPhase section */

/* Begin PBXVariantGroup section */
		17889A6D2714170700468F3F /* LaunchScreen.storyboard */ = {
			isa = PBXVariantGroup;
			children = (
				17889A6E2714170700468F3F /* Base */,
			);
			name = LaunchScreen.storyboard;
			sourceTree = "<group>";
		};
/* End PBXVariantGroup section */

/* Begin XCBuildConfiguration section */
		17889A712714170700468F3F /* Debug */ = {
			isa = XCBuildConfiguration;
			buildSettings = {
				ALWAYS_SEARCH_USER_PATHS = NO;
				CLANG_ANALYZER_NONNULL = YES;
				CLANG_ANALYZER_NUMBER_OBJECT_CONVERSION = YES_AGGRESSIVE;
				CLANG_CXX_LANGUAGE_STANDARD = "gnu++17";
				CLANG_CXX_LIBRARY = "libc++";
				CLANG_ENABLE_MODULES = YES;
				CLANG_ENABLE_OBJC_ARC = YES;
				CLANG_ENABLE_OBJC_WEAK = YES;
				CLANG_WARN_BLOCK_CAPTURE_AUTORELEASING = YES;
				CLANG_WARN_BOOL_CONVERSION = YES;
				CLANG_WARN_COMMA = YES;
				CLANG_WARN_CONSTANT_CONVERSION = YES;
				CLANG_WARN_DEPRECATED_OBJC_IMPLEMENTATIONS = YES;
				CLANG_WARN_DIRECT_OBJC_ISA_USAGE = YES_ERROR;
				CLANG_WARN_DOCUMENTATION_COMMENTS = YES;
				CLANG_WARN_EMPTY_BODY = YES;
				CLANG_WARN_ENUM_CONVERSION = YES;
				CLANG_WARN_INFINITE_RECURSION = YES;
				CLANG_WARN_INT_CONVERSION = YES;
				CLANG_WARN_NON_LITERAL_NULL_CONVERSION = YES;
				CLANG_WARN_OBJC_IMPLICIT_RETAIN_SELF = YES;
				CLANG_WARN_OBJC_LITERAL_CONVERSION = YES;
				CLANG_WARN_OBJC_ROOT_CLASS = YES_ERROR;
				CLANG_WARN_QUOTED_INCLUDE_IN_FRAMEWORK_HEADER = YES;
				CLANG_WARN_RANGE_LOOP_ANALYSIS = YES;
				CLANG_WARN_STRICT_PROTOTYPES = YES;
				CLANG_WARN_SUSPICIOUS_MOVE = YES;
				CLANG_WARN_UNGUARDED_AVAILABILITY = YES_AGGRESSIVE;
				CLANG_WARN_UNREACHABLE_CODE = YES;
				CLANG_WARN__DUPLICATE_METHOD_MATCH = YES;
				COPY_PHASE_STRIP = NO;
				DEBUG_INFORMATION_FORMAT = dwarf;
				ENABLE_STRICT_OBJC_MSGSEND = YES;
				ENABLE_TESTABILITY = YES;
				GCC_C_LANGUAGE_STANDARD = gnu11;
				GCC_DYNAMIC_NO_PIC = NO;
				GCC_NO_COMMON_BLOCKS = YES;
				GCC_OPTIMIZATION_LEVEL = 0;
				GCC_PREPROCESSOR_DEFINITIONS = (
					"DEBUG=1",
					"$(inherited)",
				);
				GCC_WARN_64_TO_32_BIT_CONVERSION = YES;
				GCC_WARN_ABOUT_RETURN_TYPE = YES_ERROR;
				GCC_WARN_UNDECLARED_SELECTOR = YES;
				GCC_WARN_UNINITIALIZED_AUTOS = YES_AGGRESSIVE;
				GCC_WARN_UNUSED_FUNCTION = YES;
				GCC_WARN_UNUSED_VARIABLE = YES;
				IPHONEOS_DEPLOYMENT_TARGET = 15.0;
				MTL_ENABLE_DEBUG_INFO = INCLUDE_SOURCE;
				MTL_FAST_MATH = YES;
				ONLY_ACTIVE_ARCH = YES;
				SDKROOT = iphoneos;
				SWIFT_ACTIVE_COMPILATION_CONDITIONS = DEBUG;
				SWIFT_OPTIMIZATION_LEVEL = "-Onone";
			};
			name = Debug;
		};
		17889A722714170700468F3F /* Release */ = {
			isa = XCBuildConfiguration;
			buildSettings = {
				ALWAYS_SEARCH_USER_PATHS = NO;
				CLANG_ANALYZER_NONNULL = YES;
				CLANG_ANALYZER_NUMBER_OBJECT_CONVERSION = YES_AGGRESSIVE;
				CLANG_CXX_LANGUAGE_STANDARD = "gnu++17";
				CLANG_CXX_LIBRARY = "libc++";
				CLANG_ENABLE_MODULES = YES;
				CLANG_ENABLE_OBJC_ARC = YES;
				CLANG_ENABLE_OBJC_WEAK = YES;
				CLANG_WARN_BLOCK_CAPTURE_AUTORELEASING = YES;
				CLANG_WARN_BOOL_CONVERSION = YES;
				CLANG_WARN_COMMA = YES;
				CLANG_WARN_CONSTANT_CONVERSION = YES;
				CLANG_WARN_DEPRECATED_OBJC_IMPLEMENTATIONS = YES;
				CLANG_WARN_DIRECT_OBJC_ISA_USAGE = YES_ERROR;
				CLANG_WARN_DOCUMENTATION_COMMENTS = YES;
				CLANG_WARN_EMPTY_BODY = YES;
				CLANG_WARN_ENUM_CONVERSION = YES;
				CLANG_WARN_INFINITE_RECURSION = YES;
				CLANG_WARN_INT_CONVERSION = YES;
				CLANG_WARN_NON_LITERAL_NULL_CONVERSION = YES;
				CLANG_WARN_OBJC_IMPLICIT_RETAIN_SELF = YES;
				CLANG_WARN_OBJC_LITERAL_CONVERSION = YES;
				CLANG_WARN_OBJC_ROOT_CLASS = YES_ERROR;
				CLANG_WARN_QUOTED_INCLUDE_IN_FRAMEWORK_HEADER = YES;
				CLANG_WARN_RANGE_LOOP_ANALYSIS = YES;
				CLANG_WARN_STRICT_PROTOTYPES = YES;
				CLANG_WARN_SUSPICIOUS_MOVE = YES;
				CLANG_WARN_UNGUARDED_AVAILABILITY = YES_AGGRESSIVE;
				CLANG_WARN_UNREACHABLE_CODE = YES;
				CLANG_WARN__DUPLICATE_METHOD_MATCH = YES;
				COPY_PHASE_STRIP = NO;
				DEBUG_INFORMATION_FORMAT = "dwarf-with-dsym";
				ENABLE_NS_ASSERTIONS = NO;
				ENABLE_STRICT_OBJC_MSGSEND = YES;
				GCC_C_LANGUAGE_STANDARD = gnu11;
				GCC_NO_COMMON_BLOCKS = YES;
				GCC_WARN_64_TO_32_BIT_CONVERSION = YES;
				GCC_WARN_ABOUT_RETURN_TYPE = YES_ERROR;
				GCC_WARN_UNDECLARED_SELECTOR = YES;
				GCC_WARN_UNINITIALIZED_AUTOS = YES_AGGRESSIVE;
				GCC_WARN_UNUSED_FUNCTION = YES;
				GCC_WARN_UNUSED_VARIABLE = YES;
				IPHONEOS_DEPLOYMENT_TARGET = 15.0;
				MTL_ENABLE_DEBUG_INFO = NO;
				MTL_FAST_MATH = YES;
				SDKROOT = iphoneos;
				SWIFT_COMPILATION_MODE = wholemodule;
				SWIFT_OPTIMIZATION_LEVEL = "-O";
				VALIDATE_PRODUCT = YES;
			};
			name = Release;
		};
		17889A742714170700468F3F /* Debug */ = {
			isa = XCBuildConfiguration;
			buildSettings = {
				ASSETCATALOG_COMPILER_APPICON_NAME = AppIcon;
				ASSETCATALOG_COMPILER_GLOBAL_ACCENT_COLOR_NAME = AccentColor;
				CODE_SIGN_STYLE = Automatic;
				CURRENT_PROJECT_VERSION = 1;
				DEVELOPMENT_TEAM = 2ZB33FC454;
				GENERATE_INFOPLIST_FILE = YES;
				INFOPLIST_FILE = MoviePlayer/Info.plist;
				INFOPLIST_KEY_UIApplicationSupportsIndirectInputEvents = YES;
				INFOPLIST_KEY_UILaunchStoryboardName = LaunchScreen;
				INFOPLIST_KEY_UISupportedInterfaceOrientations_iPad = "UIInterfaceOrientationPortrait UIInterfaceOrientationPortraitUpsideDown UIInterfaceOrientationLandscapeLeft UIInterfaceOrientationLandscapeRight";
				INFOPLIST_KEY_UISupportedInterfaceOrientations_iPhone = "UIInterfaceOrientationPortrait UIInterfaceOrientationLandscapeLeft UIInterfaceOrientationLandscapeRight";
				LD_RUNPATH_SEARCH_PATHS = (
					"$(inherited)",
					"@executable_path/Frameworks",
				);
				MARKETING_VERSION = 1.0;
				PRODUCT_BUNDLE_IDENTIFIER = com.karinprater.MoviePlayer;
				PRODUCT_NAME = "$(TARGET_NAME)";
				SWIFT_EMIT_LOC_STRINGS = YES;
				SWIFT_VERSION = 5.0;
				TARGETED_DEVICE_FAMILY = "1,2";
			};
			name = Debug;
		};
		17889A752714170700468F3F /* Release */ = {
			isa = XCBuildConfiguration;
			buildSettings = {
				ASSETCATALOG_COMPILER_APPICON_NAME = AppIcon;
				ASSETCATALOG_COMPILER_GLOBAL_ACCENT_COLOR_NAME = AccentColor;
				CODE_SIGN_STYLE = Automatic;
				CURRENT_PROJECT_VERSION = 1;
				DEVELOPMENT_TEAM = 2ZB33FC454;
				GENERATE_INFOPLIST_FILE = YES;
				INFOPLIST_FILE = MoviePlayer/Info.plist;
				INFOPLIST_KEY_UIApplicationSupportsIndirectInputEvents = YES;
				INFOPLIST_KEY_UILaunchStoryboardName = LaunchScreen;
				INFOPLIST_KEY_UISupportedInterfaceOrientations_iPad = "UIInterfaceOrientationPortrait UIInterfaceOrientationPortraitUpsideDown UIInterfaceOrientationLandscapeLeft UIInterfaceOrientationLandscapeRight";
				INFOPLIST_KEY_UISupportedInterfaceOrientations_iPhone = "UIInterfaceOrientationPortrait UIInterfaceOrientationLandscapeLeft UIInterfaceOrientationLandscapeRight";
				LD_RUNPATH_SEARCH_PATHS = (
					"$(inherited)",
					"@executable_path/Frameworks",
				);
				MARKETING_VERSION = 1.0;
				PRODUCT_BUNDLE_IDENTIFIER = com.karinprater.MoviePlayer;
				PRODUCT_NAME = "$(TARGET_NAME)";
				SWIFT_EMIT_LOC_STRINGS = YES;
				SWIFT_VERSION = 5.0;
				TARGETED_DEVICE_FAMILY = "1,2";
			};
			name = Release;
		};
/* End XCBuildConfiguration section */

/* Begin XCConfigurationList section */
		17889A5A2714170600468F3F /* Build configuration list for PBXProject "MoviePlayer" */ = {
			isa = XCConfigurationList;
			buildConfigurations = (
				17889A712714170700468F3F /* Debug */,
				17889A722714170700468F3F /* Release */,
			);
			defaultConfigurationIsVisible = 0;
			defaultConfigurationName = Release;
		};
		17889A732714170700468F3F /* Build configuration list for PBXNativeTarget "MoviePlayer" */ = {
			isa = XCConfigurationList;
			buildConfigurations = (
				17889A742714170700468F3F /* Debug */,
				17889A752714170700468F3F /* Release */,
			);
			defaultConfigurationIsVisible = 0;
			defaultConfigurationName = Release;
		};
/* End XCConfigurationList section */
	};
	rootObject = 17889A572714170600468F3F /* Project object */;
}
